{
  "name": "@briqvent/dwarpal",
  "version": "0.0.0",
  "lockfileVersion": 3,
  "requires": true,
  "packages": {
    "": {
      "name": "@briqvent/dwarpal",
      "version": "0.0.0",
      "license": "MIT",
      "dependencies": {
        "jose": "6.2.12"
      },
      "bin": {
        "auth-kit": "packages/server/cli/auth-kit.js"
      },
      "devDependencies": {
        "hono": "4.13.9",
        "typescript": "5.9.3"
      },
      "engines": {
        "node": ">=22"
      },
      "peerDependencies": {
        "hono": "^4.0.0"
      },
      "peerDependenciesMeta": {
        "hono": {
          "optional": true
        }
      }
    },
    "node_modules/hono": {
      "version": "4.13.9",
      "resolved": "https://registry.npmjs.org/hono/-/hono-4.13.9.tgz",
      "integrity": "sha512-7dMkQmZoC4E6F7AtaQSPhlWAdnBti+j7rreMZl8QB4jFiEhP9TWbGWUMi8WYzBCgmgulxuvLQupKqo+Co6Omyg==",
      "dev": true,
      "license": "MIT",
      "engines": {
        "node": ">=16.9.0"
      }
    },
    "node_modules/jose": {
      "version": "6.2.12",
      "resolved": "https://registry.npmjs.org/jose/-/jose-6.2.12.tgz",
      "integrity": "sha512-9NiFmJEex0sy2Dk58j2UGBSHgUs2ypF9eZSu4L6vjOX3Dp96Sw1F3uL+H+D1sx02jZZdzUT0HgvCy59CuvXcWw==",
      "license": "MIT",
      "funding": {
        "url": "https://github.com/sponsors/panva"
      }
    },
    "node_modules/typescript": {
      "version": "5.9.3",
      "resolved": "https://registry.npmjs.org/typescript/-/typescript-5.9.3.tgz",
      "integrity": "sha512-jl1vZzPDinLr9eUt3J/t7V6FgNEw9QjvBPdysz9KfQDD41fQrC2Y4vKQdiaUpFT4bXlb1RHhLpp8wtm6M5TgSw==",
      "dev": true,
      "license": "Apache-2.0",
      "bin": {
        "tsc": "bin/tsc",
        "tsserver": "bin/tsserver"
      },
      "engines": {
        "node": ">=14.17"
      }
    }
  }
}
